
Microsoft Visual Studio Solution File, Format Version 12.00
# Visual Studio Version 16
VisualStudioVersion = 16.0.810.18
MinimumVisualStudioVersion = 10.0.40219.1
Project("{FAE04EC0-301F-11D3-BF4B-00C04F79EFBC}") = "S3Innovate", "S3Innovate\S3Innovate.csproj", "{52ECFE09-3361-493E-BE5C-C70A9FB32EF0}"
EndProject
Global
	GlobalSection(SolutionConfigurationPlatforms) = preSolution
		Debug|Any CPU = Debug|Any CPU
		Release|Any CPU = Release|Any CPU
	EndGlobalSection
	GlobalSection(ProjectConfigurationPlatforms) = postSolution
		{52ECFE09-3361-493E-BE5C-C70A9FB32EF0}.Debug|Any CPU.ActiveCfg = Debug|Any CPU
		{52ECFE09-3361-493E-BE5C-C70A9FB32EF0}.Debug|Any CPU.Build.0 = Debug|Any CPU
		{52ECFE09-3361-493E-BE5C-C70A9FB32EF0}.Release|Any CPU.ActiveCfg = Release|Any CPU
		{52ECFE09-3361-493E-BE5C-C70A9FB32EF0}.Release|Any CPU.Build.0 = Release|Any CPU
	EndGlobalSection
	GlobalSection(SolutionProperties) = preSolution
		HideSolutionNode = FALSE
	EndGlobalSection
	GlobalSection(ExtensibilityGlobals) = postSolution
		SolutionGuid = {D9629105-13FD-4E57-AE0C-9258D6FD4199}
	EndGlobalSection
EndGlobal
